// !$*UTF8*$!
{
	archiveVersion = 1;
	classes = {
	};
	objectVersion = 46;
	objects = {

/* Begin PBXBuildFile section */
		051E15B01B374112001D2E80 /* Logger.swift in Sources */ = {isa = PBXBuildFile; fileRef = 051E15AF1B374112001D2E80 /* Logger.swift */; };
		05449D541B52DEC200417A0C /* LinkedList.swift in Sources */ = {isa = PBXBuildFile; fileRef = 05449D531B52DEC200417A0C /* LinkedList.swift */; };
		05449D561B52DF0F00417A0C /* Search.swift in Sources */ = {isa = PBXBuildFile; fileRef = 05449D551B52DF0F00417A0C /* Search.swift */; };
		05449D5A1B52F6F900417A0C /* largeUF.txt in Resources */ = {isa = PBXBuildFile; fileRef = 05449D571B52F6F900417A0C /* largeUF.txt */; };
		05449D5B1B52F6F900417A0C /* mediumUF.txt in Resources */ = {isa = PBXBuildFile; fileRef = 05449D581B52F6F900417A0C /* mediumUF.txt */; };
		05449D5C1B52F6F900417A0C /* tinyUF.txt in Resources */ = {isa = PBXBuildFile; fileRef = 05449D591B52F6F900417A0C /* tinyUF.txt */; };
		05449D5E1B533C4500417A0C /* SearchTools.swift in Sources */ = {isa = PBXBuildFile; fileRef = 05449D5D1B533C4500417A0C /* SearchTools.swift */; };
		054CB4391B484E6300953832 /* QueueTools.swift in Sources */ = {isa = PBXBuildFile; fileRef = 054CB4381B484E6200953832 /* QueueTools.swift */; };
		054CB43B1B484F4800953832 /* Stack.swift in Sources */ = {isa = PBXBuildFile; fileRef = 054CB43A1B484F4800953832 /* Stack.swift */; };
		054CB4421B486C0600953832 /* Data.swift in Sources */ = {isa = PBXBuildFile; fileRef = 054CB4411B486C0600953832 /* Data.swift */; };
		05570E6D1B5193760085F5ED /* Bag.swift in Sources */ = {isa = PBXBuildFile; fileRef = 05570E6C1B5193760085F5ED /* Bag.swift */; };
		056AC7D51B3788B200251679 /* Sort.swift in Sources */ = {isa = PBXBuildFile; fileRef = 056AC7D41B3788B200251679 /* Sort.swift */; };
		0592DD8A1B4433EF006AA0A5 /* Queue.swift in Sources */ = {isa = PBXBuildFile; fileRef = 0592DD891B4433EF006AA0A5 /* Queue.swift */; };
		059AE8CC1B37360900D5C16A /* Studium.h in Headers */ = {isa = PBXBuildFile; fileRef = 059AE8CB1B37360900D5C16A /* Studium.h */; settings = {ATTRIBUTES = (Public, ); }; };
		059AE8D21B37360900D5C16A /* Studium.framework in Frameworks */ = {isa = PBXBuildFile; fileRef = 059AE8C61B37360900D5C16A /* Studium.framework */; };
		059AE8D91B37360900D5C16A /* StudiumTests.swift in Sources */ = {isa = PBXBuildFile; fileRef = 059AE8D81B37360900D5C16A /* StudiumTests.swift */; };
		059AE8E31B37362500D5C16A /* ArrayTools.swift in Sources */ = {isa = PBXBuildFile; fileRef = 059AE8E21B37362500D5C16A /* ArrayTools.swift */; };
		05E8CC7D1B48A636008EBA32 /* dickens.txt in Resources */ = {isa = PBXBuildFile; fileRef = 05E8CC7A1B48A636008EBA32 /* dickens.txt */; };
		05E8CC7E1B48A636008EBA32 /* magna-carta.txt in Resources */ = {isa = PBXBuildFile; fileRef = 05E8CC7B1B48A636008EBA32 /* magna-carta.txt */; };
		05E8CC7F1B48A636008EBA32 /* tinyBatch.txt in Resources */ = {isa = PBXBuildFile; fileRef = 05E8CC7C1B48A636008EBA32 /* tinyBatch.txt */; };
/* End PBXBuildFile section */

/* Begin PBXContainerItemProxy section */
		059AE8D31B37360900D5C16A /* PBXContainerItemProxy */ = {
			isa = PBXContainerItemProxy;
			containerPortal = 059AE8BD1B37360900D5C16A /* Project object */;
			proxyType = 1;
			remoteGlobalIDString = 059AE8C51B37360900D5C16A;
			remoteInfo = Studium;
		};
/* End PBXContainerItemProxy section */

/* Begin PBXFileReference section */
		051E15AF1B374112001D2E80 /* Logger.swift */ = {isa = PBXFileReference; fileEncoding = 4; lastKnownFileType = sourcecode.swift; path = Logger.swift; sourceTree = "<group>"; };
		05449D531B52DEC200417A0C /* LinkedList.swift */ = {isa = PBXFileReference; fileEncoding = 4; lastKnownFileType = sourcecode.swift; path = LinkedList.swift; sourceTree = "<group>"; };
		05449D551B52DF0F00417A0C /* Search.swift */ = {isa = PBXFileReference; fileEncoding = 4; lastKnownFileType = sourcecode.swift; path = Search.swift; sourceTree = "<group>"; };
		05449D571B52F6F900417A0C /* largeUF.txt */ = {isa = PBXFileReference; fileEncoding = 4; lastKnownFileType = text; path = largeUF.txt; sourceTree = "<group>"; };
		05449D581B52F6F900417A0C /* mediumUF.txt */ = {isa = PBXFileReference; fileEncoding = 4; lastKnownFileType = text; path = mediumUF.txt; sourceTree = "<group>"; };
		05449D591B52F6F900417A0C /* tinyUF.txt */ = {isa = PBXFileReference; fileEncoding = 4; lastKnownFileType = text; path = tinyUF.txt; sourceTree = "<group>"; };
		05449D5D1B533C4500417A0C /* SearchTools.swift */ = {isa = PBXFileReference; fileEncoding = 4; lastKnownFileType = sourcecode.swift; path = SearchTools.swift; sourceTree = "<group>"; };
		05449D611B53460C00417A0C /* Search.playground */ = {isa = PBXFileReference; lastKnownFileType = file.playground; path = Search.playground; sourceTree = "<group>"; };
		054721E81B51A34900BDD85A /* Bag.playground */ = {isa = PBXFileReference; lastKnownFileType = file.playground; path = Bag.playground; sourceTree = "<group>"; };
		054CB4381B484E6200953832 /* QueueTools.swift */ = {isa = PBXFileReference; fileEncoding = 4; lastKnownFileType = sourcecode.swift; path = QueueTools.swift; sourceTree = "<group>"; };
		054CB43A1B484F4800953832 /* Stack.swift */ = {isa = PBXFileReference; fileEncoding = 4; lastKnownFileType = sourcecode.swift; path = Stack.swift; sourceTree = "<group>"; };
		054CB4411B486C0600953832 /* Data.swift */ = {isa = PBXFileReference; fileEncoding = 4; lastKnownFileType = sourcecode.swift; path = Data.swift; sourceTree = "<group>"; };
		05570E6C1B5193760085F5ED /* Bag.swift */ = {isa = PBXFileReference; fileEncoding = 4; lastKnownFileType = sourcecode.swift; path = Bag.swift; sourceTree = "<group>"; };
		056AC7D41B3788B200251679 /* Sort.swift */ = {isa = PBXFileReference; fileEncoding = 4; lastKnownFileType = sourcecode.swift; path = Sort.swift; sourceTree = "<group>"; };
		0592DD891B4433EF006AA0A5 /* Queue.swift */ = {isa = PBXFileReference; fileEncoding = 4; lastKnownFileType = sourcecode.swift; path = Queue.swift; sourceTree = "<group>"; };
		059AE8C61B37360900D5C16A /* Studium.framework */ = {isa = PBXFileReference; explicitFileType = wrapper.framework; includeInIndex = 0; path = Studium.framework; sourceTree = BUILT_PRODUCTS_DIR; };
		059AE8CA1B37360900D5C16A /* Info.plist */ = {isa = PBXFileReference; lastKnownFileType = text.plist.xml; path = Info.plist; sourceTree = "<group>"; };
		059AE8CB1B37360900D5C16A /* Studium.h */ = {isa = PBXFileReference; lastKnownFileType = sourcecode.c.h; path = Studium.h; sourceTree = "<group>"; };
		059AE8D11B37360900D5C16A /* StudiumTests.xctest */ = {isa = PBXFileReference; explicitFileType = wrapper.cfbundle; includeInIndex = 0; path = StudiumTests.xctest; sourceTree = BUILT_PRODUCTS_DIR; };
		059AE8D71B37360900D5C16A /* Info.plist */ = {isa = PBXFileReference; lastKnownFileType = text.plist.xml; path = Info.plist; sourceTree = "<group>"; };
		059AE8D81B37360900D5C16A /* StudiumTests.swift */ = {isa = PBXFileReference; lastKnownFileType = sourcecode.swift; path = StudiumTests.swift; sourceTree = "<group>"; };
		059AE8E21B37362500D5C16A /* ArrayTools.swift */ = {isa = PBXFileReference; fileEncoding = 4; lastKnownFileType = sourcecode.swift; path = ArrayTools.swift; sourceTree = "<group>"; };
		05D07D5A1B51C58D0036187D /* Queue.playground */ = {isa = PBXFileReference; lastKnownFileType = file.playground; path = Queue.playground; sourceTree = "<group>"; };
		05D07D5B1B51C58D0036187D /* Sort.playground */ = {isa = PBXFileReference; lastKnownFileType = file.playground; path = Sort.playground; sourceTree = "<group>"; };
		05D07D5C1B51C58D0036187D /* Stack.playground */ = {isa = PBXFileReference; lastKnownFileType = file.playground; path = Stack.playground; sourceTree = "<group>"; };
		05E8CC7A1B48A636008EBA32 /* dickens.txt */ = {isa = PBXFileReference; fileEncoding = 4; lastKnownFileType = text; path = dickens.txt; sourceTree = "<group>"; };
		05E8CC7B1B48A636008EBA32 /* magna-carta.txt */ = {isa = PBXFileReference; fileEncoding = 4; lastKnownFileType = text; path = "magna-carta.txt"; sourceTree = "<group>"; };
		05E8CC7C1B48A636008EBA32 /* tinyBatch.txt */ = {isa = PBXFileReference; fileEncoding = 4; lastKnownFileType = text; path = tinyBatch.txt; sourceTree = "<group>"; };
/* End PBXFileReference section */

/* Begin PBXFrameworksBuildPhase section */
		059AE8C21B37360900D5C16A /* Frameworks */ = {
			isa = PBXFrameworksBuildPhase;
			buildActionMask = 2147483647;
			files = (
			);
			runOnlyForDeploymentPostprocessing = 0;
		};
		059AE8CE1B37360900D5C16A /* Frameworks */ = {
			isa = PBXFrameworksBuildPhase;
			buildActionMask = 2147483647;
			files = (
				059AE8D21B37360900D5C16A /* Studium.framework in Frameworks */,
			);
			runOnlyForDeploymentPostprocessing = 0;
		};
/* End PBXFrameworksBuildPhase section */

/* Begin PBXGroup section */
		059AE8BC1B37360900D5C16A = {
			isa = PBXGroup;
			children = (
				054721E81B51A34900BDD85A /* Bag.playground */,
				05D07D5A1B51C58D0036187D /* Queue.playground */,
				05449D611B53460C00417A0C /* Search.playground */,
				05D07D5B1B51C58D0036187D /* Sort.playground */,
				05D07D5C1B51C58D0036187D /* Stack.playground */,
				059AE8C71B37360900D5C16A /* Products */,
				059AE8C81B37360900D5C16A /* Studium */,
				059AE8D51B37360900D5C16A /* StudiumTests */,
			);
			sourceTree = "<group>";
		};
		059AE8C71B37360900D5C16A /* Products */ = {
			isa = PBXGroup;
			children = (
				059AE8C61B37360900D5C16A /* Studium.framework */,
				059AE8D11B37360900D5C16A /* StudiumTests.xctest */,
			);
			name = Products;
			sourceTree = "<group>";
		};
		059AE8C81B37360900D5C16A /* Studium */ = {
			isa = PBXGroup;
			children = (
				059AE8CB1B37360900D5C16A /* Studium.h */,
				059AE8E21B37362500D5C16A /* ArrayTools.swift */,
				05570E6C1B5193760085F5ED /* Bag.swift */,
				054CB4411B486C0600953832 /* Data.swift */,
				05449D531B52DEC200417A0C /* LinkedList.swift */,
				051E15AF1B374112001D2E80 /* Logger.swift */,
				0592DD891B4433EF006AA0A5 /* Queue.swift */,
				054CB4381B484E6200953832 /* QueueTools.swift */,
				05449D551B52DF0F00417A0C /* Search.swift */,
				05449D5D1B533C4500417A0C /* SearchTools.swift */,
				056AC7D41B3788B200251679 /* Sort.swift */,
				054CB43A1B484F4800953832 /* Stack.swift */,
				05E8CC791B48A636008EBA32 /* Data */,
				059AE8C91B37360900D5C16A /* Supporting Files */,
			);
			path = Studium;
			sourceTree = "<group>";
		};
		059AE8C91B37360900D5C16A /* Supporting Files */ = {
			isa = PBXGroup;
			children = (
				059AE8CA1B37360900D5C16A /* Info.plist */,
			);
			name = "Supporting Files";
			sourceTree = "<group>";
		};
		059AE8D51B37360900D5C16A /* StudiumTests */ = {
			isa = PBXGroup;
			children = (
				059AE8D81B37360900D5C16A /* StudiumTests.swift */,
				059AE8D61B37360900D5C16A /* Supporting Files */,
			);
			path = StudiumTests;
			sourceTree = "<group>";
		};
		059AE8D61B37360900D5C16A /* Supporting Files */ = {
			isa = PBXGroup;
			children = (
				059AE8D71B37360900D5C16A /* Info.plist */,
			);
			name = "Supporting Files";
			sourceTree = "<group>";
		};
		05E8CC791B48A636008EBA32 /* Data */ = {
			isa = PBXGroup;
			children = (
				05E8CC7A1B48A636008EBA32 /* dickens.txt */,
				05449D571B52F6F900417A0C /* largeUF.txt */,
				05E8CC7B1B48A636008EBA32 /* magna-carta.txt */,
				05449D581B52F6F900417A0C /* mediumUF.txt */,
				05E8CC7C1B48A636008EBA32 /* tinyBatch.txt */,
				05449D591B52F6F900417A0C /* tinyUF.txt */,
			);
			path = Data;
			sourceTree = "<group>";
		};
/* End PBXGroup section */

/* Begin PBXHeadersBuildPhase section */
		059AE8C31B37360900D5C16A /* Headers */ = {
			isa = PBXHeadersBuildPhase;
			buildActionMask = 2147483647;
			files = (
				059AE8CC1B37360900D5C16A /* Studium.h in Headers */,
			);
			runOnlyForDeploymentPostprocessing = 0;
		};
/* End PBXHeadersBuildPhase section */

/* Begin PBXNativeTarget section */
		059AE8C51B37360900D5C16A /* Studium */ = {
			isa = PBXNativeTarget;
			buildConfigurationList = 059AE8DC1B37360900D5C16A /* Build configuration list for PBXNativeTarget "Studium" */;
			buildPhases = (
				059AE8C11B37360900D5C16A /* Sources */,
				059AE8C21B37360900D5C16A /* Frameworks */,
				059AE8C31B37360900D5C16A /* Headers */,
				059AE8C41B37360900D5C16A /* Resources */,
			);
			buildRules = (
			);
			dependencies = (
			);
			name = Studium;
			productName = Studium;
			productReference = 059AE8C61B37360900D5C16A /* Studium.framework */;
			productType = "com.apple.product-type.framework";
		};
		059AE8D01B37360900D5C16A /* StudiumTests */ = {
			isa = PBXNativeTarget;
			buildConfigurationList = 059AE8DF1B37360900D5C16A /* Build configuration list for PBXNativeTarget "StudiumTests" */;
			buildPhases = (
				059AE8CD1B37360900D5C16A /* Sources */,
				059AE8CE1B37360900D5C16A /* Frameworks */,
				059AE8CF1B37360900D5C16A /* Resources */,
			);
			buildRules = (
			);
			dependencies = (
				059AE8D41B37360900D5C16A /* PBXTargetDependency */,
			);
			name = StudiumTests;
			productName = StudiumTests;
			productReference = 059AE8D11B37360900D5C16A /* StudiumTests.xctest */;
			productType = "com.apple.product-type.bundle.unit-test";
		};
/* End PBXNativeTarget section */

/* Begin PBXProject section */
		059AE8BD1B37360900D5C16A /* Project object */ = {
			isa = PBXProject;
			attributes = {
				LastUpgradeCheck = 0630;
				ORGANIZATIONNAME = gnos.us;
				TargetAttributes = {
					059AE8C51B37360900D5C16A = {
						CreatedOnToolsVersion = 6.3.2;
					};
					059AE8D01B37360900D5C16A = {
						CreatedOnToolsVersion = 6.3.2;
					};
				};
			};
			buildConfigurationList = 059AE8C01B37360900D5C16A /* Build configuration list for PBXProject "Studium" */;
			compatibilityVersion = "Xcode 3.2";
			developmentRegion = English;
			hasScannedForEncodings = 0;
			knownRegions = (
				en,
			);
			mainGroup = 059AE8BC1B37360900D5C16A;
			productRefGroup = 059AE8C71B37360900D5C16A /* Products */;
			projectDirPath = "";
			projectRoot = "";
			targets = (
				059AE8C51B37360900D5C16A /* Studium */,
				059AE8D01B37360900D5C16A /* StudiumTests */,
			);
		};
/* End PBXProject section */

/* Begin PBXResourcesBuildPhase section */
		059AE8C41B37360900D5C16A /* Resources */ = {
			isa = PBXResourcesBuildPhase;
			buildActionMask = 2147483647;
			files = (
				05E8CC7F1B48A636008EBA32 /* tinyBatch.txt in Resources */,
				05E8CC7D1B48A636008EBA32 /* dickens.txt in Resources */,
				05449D5B1B52F6F900417A0C /* mediumUF.txt in Resources */,
				05E8CC7E1B48A636008EBA32 /* magna-carta.txt in Resources */,
				05449D5A1B52F6F900417A0C /* largeUF.txt in Resources */,
				05449D5C1B52F6F900417A0C /* tinyUF.txt in Resources */,
			);
			runOnlyForDeploymentPostprocessing = 0;
		};
		059AE8CF1B37360900D5C16A /* Resources */ = {
			isa = PBXResourcesBuildPhase;
			buildActionMask = 2147483647;
			files = (
			);
			runOnlyForDeploymentPostprocessing = 0;
		};
/* End PBXResourcesBuildPhase section */

/* Begin PBXSourcesBuildPhase section */
		059AE8C11B37360900D5C16A /* Sources */ = {
			isa = PBXSourcesBuildPhase;
			buildActionMask = 2147483647;
			files = (
				05449D541B52DEC200417A0C /* LinkedList.swift in Sources */,
				054CB4421B486C0600953832 /* Data.swift in Sources */,
				059AE8E31B37362500D5C16A /* ArrayTools.swift in Sources */,
				05449D5E1B533C4500417A0C /* SearchTools.swift in Sources */,
				051E15B01B374112001D2E80 /* Logger.swift in Sources */,
				056AC7D51B3788B200251679 /* Sort.swift in Sources */,
				0592DD8A1B4433EF006AA0A5 /* Queue.swift in Sources */,
				054CB43B1B484F4800953832 /* Stack.swift in Sources */,
				05449D561B52DF0F00417A0C /* Search.swift in Sources */,
				05570E6D1B5193760085F5ED /* Bag.swift in Sources */,
				054CB4391B484E6300953832 /* QueueTools.swift in Sources */,
			);
			runOnlyForDeploymentPostprocessing = 0;
		};
		059AE8CD1B37360900D5C16A /* Sources */ = {
			isa = PBXSourcesBuildPhase;
			buildActionMask = 2147483647;
			files = (
				059AE8D91B37360900D5C16A /* StudiumTests.swift in Sources */,
			);
			runOnlyForDeploymentPostprocessing = 0;
		};
/* End PBXSourcesBuildPhase section */

/* Begin PBXTargetDependency section */
		059AE8D41B37360900D5C16A /* PBXTargetDependency */ = {
			isa = PBXTargetDependency;
			target = 059AE8C51B37360900D5C16A /* Studium */;
			targetProxy = 059AE8D31B37360900D5C16A /* PBXContainerItemProxy */;
		};
/* End PBXTargetDependency section */

/* Begin XCBuildConfiguration section */
		059AE8DA1B37360900D5C16A /* Debug */ = {
			isa = XCBuildConfiguration;
			buildSettings = {
				ALWAYS_SEARCH_USER_PATHS = NO;
				CLANG_CXX_LANGUAGE_STANDARD = "gnu++0x";
				CLANG_CXX_LIBRARY = "libc++";
				CLANG_ENABLE_MODULES = YES;
				CLANG_ENABLE_OBJC_ARC = YES;
				CLANG_WARN_BOOL_CONVERSION = YES;
				CLANG_WARN_CONSTANT_CONVERSION = YES;
				CLANG_WARN_DIRECT_OBJC_ISA_USAGE = YES_ERROR;
				CLANG_WARN_EMPTY_BODY = YES;
				CLANG_WARN_ENUM_CONVERSION = YES;
				CLANG_WARN_INT_CONVERSION = YES;
				CLANG_WARN_OBJC_ROOT_CLASS = YES_ERROR;
				CLANG_WARN_UNREACHABLE_CODE = YES;
				CLANG_WARN__DUPLICATE_METHOD_MATCH = YES;
				"CODE_SIGN_IDENTITY[sdk=iphoneos*]" = "iPhone Developer";
				COPY_PHASE_STRIP = NO;
				CURRENT_PROJECT_VERSION = 1;
				DEBUG_INFORMATION_FORMAT = "dwarf-with-dsym";
				ENABLE_STRICT_OBJC_MSGSEND = YES;
				GCC_C_LANGUAGE_STANDARD = gnu99;
				GCC_DYNAMIC_NO_PIC = NO;
				GCC_NO_COMMON_BLOCKS = YES;
				GCC_OPTIMIZATION_LEVEL = 0;
				GCC_PREPROCESSOR_DEFINITIONS = (
					"DEBUG=1",
					"$(inherited)",
				);
				GCC_SYMBOLS_PRIVATE_EXTERN = NO;
				GCC_WARN_64_TO_32_BIT_CONVERSION = YES;
				GCC_WARN_ABOUT_RETURN_TYPE = YES_ERROR;
				GCC_WARN_UNDECLARED_SELECTOR = YES;
				GCC_WARN_UNINITIALIZED_AUTOS = YES_AGGRESSIVE;
				GCC_WARN_UNUSED_FUNCTION = YES;
				GCC_WARN_UNUSED_VARIABLE = YES;
				IPHONEOS_DEPLOYMENT_TARGET = 8.0;
				MTL_ENABLE_DEBUG_INFO = YES;
				ONLY_ACTIVE_ARCH = YES;
				SDKROOT = iphoneos;
				SWIFT_OPTIMIZATION_LEVEL = "-Onone";
				TARGETED_DEVICE_FAMILY = "1,2";
				VERSIONING_SYSTEM = "apple-generic";
				VERSION_INFO_PREFIX = "";
			};
			name = Debug;
		};
		059AE8DB1B37360900D5C16A /* Release */ = {
			isa = XCBuildConfiguration;
			buildSettings = {
				ALWAYS_SEARCH_USER_PATHS = NO;
				CLANG_CXX_LANGUAGE_STANDARD = "gnu++0x";
				CLANG_CXX_LIBRARY = "libc++";
				CLANG_ENABLE_MODULES = YES;
				CLANG_ENABLE_OBJC_ARC = YES;
				CLANG_WARN_BOOL_CONVERSION = YES;
				CLANG_WARN_CONSTANT_CONVERSION = YES;
				CLANG_WARN_DIRECT_OBJC_ISA_USAGE = YES_ERROR;
				CLANG_WARN_EMPTY_BODY = YES;
				CLANG_WARN_ENUM_CONVERSION = YES;
				CLANG_WARN_INT_CONVERSION = YES;
				CLANG_WARN_OBJC_ROOT_CLASS = YES_ERROR;
				CLANG_WARN_UNREACHABLE_CODE = YES;
				CLANG_WARN__DUPLICATE_METHOD_MATCH = YES;
				"CODE_SIGN_IDENTITY[sdk=iphoneos*]" = "iPhone Developer";
				COPY_PHASE_STRIP = NO;
				CURRENT_PROJECT_VERSION = 1;
				DEBUG_INFORMATION_FORMAT = "dwarf-with-dsym";
				ENABLE_NS_ASSERTIONS = NO;
				ENABLE_STRICT_OBJC_MSGSEND = YES;
				GCC_C_LANGUAGE_STANDARD = gnu99;
				GCC_NO_COMMON_BLOCKS = YES;
				GCC_WARN_64_TO_32_BIT_CONVERSION = YES;
				GCC_WARN_ABOUT_RETURN_TYPE = YES_ERROR;
				GCC_WARN_UNDECLARED_SELECTOR = YES;
				GCC_WARN_UNINITIALIZED_AUTOS = YES_AGGRESSIVE;
				GCC_WARN_UNUSED_FUNCTION = YES;
				GCC_WARN_UNUSED_VARIABLE = YES;
				IPHONEOS_DEPLOYMENT_TARGET = 8.0;
				MTL_ENABLE_DEBUG_INFO = NO;
				SDKROOT = iphoneos;
				TARGETED_DEVICE_FAMILY = "1,2";
				VALIDATE_PRODUCT = YES;
				VERSIONING_SYSTEM = "apple-generic";
				VERSION_INFO_PREFIX = "";
			};
			name = Release;
		};
		059AE8DD1B37360900D5C16A /* Debug */ = {
			isa = XCBuildConfiguration;
			buildSettings = {
				DEFINES_MODULE = YES;
				DYLIB_COMPATIBILITY_VERSION = 1;
				DYLIB_CURRENT_VERSION = 1;
				DYLIB_INSTALL_NAME_BASE = "@rpath";
				INFOPLIST_FILE = Studium/Info.plist;
				INSTALL_PATH = "$(LOCAL_LIBRARY_DIR)/Frameworks";
				LD_RUNPATH_SEARCH_PATHS = "$(inherited) @executable_path/Frameworks @loader_path/Frameworks";
				"OTHER_SWIFT_FLAGS[arch=*]" = "-D DEBUG";
				PRODUCT_NAME = "$(TARGET_NAME)";
				SKIP_INSTALL = YES;
			};
			name = Debug;
		};
		059AE8DE1B37360900D5C16A /* Release */ = {
			isa = XCBuildConfiguration;
			buildSettings = {
				DEFINES_MODULE = YES;
				DYLIB_COMPATIBILITY_VERSION = 1;
				DYLIB_CURRENT_VERSION = 1;
				DYLIB_INSTALL_NAME_BASE = "@rpath";
				INFOPLIST_FILE = Studium/Info.plist;
				INSTALL_PATH = "$(LOCAL_LIBRARY_DIR)/Frameworks";
				LD_RUNPATH_SEARCH_PATHS = "$(inherited) @executable_path/Frameworks @loader_path/Frameworks";
				PRODUCT_NAME = "$(TARGET_NAME)";
				SKIP_INSTALL = YES;
			};
			name = Release;
		};
		059AE8E01B37360900D5C16A /* Debug */ = {
			isa = XCBuildConfiguration;
			buildSettings = {
				FRAMEWORK_SEARCH_PATHS = "$(inherited)";
				GCC_PREPROCESSOR_DEFINITIONS = (
					"DEBUG=1",
					"$(inherited)",
				);
				INFOPLIST_FILE = StudiumTests/Info.plist;
				LD_RUNPATH_SEARCH_PATHS = "$(inherited) @executable_path/Frameworks @loader_path/Frameworks";
				PRODUCT_NAME = "$(TARGET_NAME)";
			};
			name = Debug;
		};
		059AE8E11B37360900D5C16A /* Release */ = {
			isa = XCBuildConfiguration;
			buildSettings = {
				FRAMEWORK_SEARCH_PATHS = "$(inherited)";
				INFOPLIST_FILE = StudiumTests/Info.plist;
				LD_RUNPATH_SEARCH_PATHS = "$(inherited) @executable_path/Frameworks @loader_path/Frameworks";
				PRODUCT_NAME = "$(TARGET_NAME)";
			};
			name = Release;
		};
/* End XCBuildConfiguration section */

/* Begin XCConfigurationList section */
		059AE8C01B37360900D5C16A /* Build configuration list for PBXProject "Studium" */ = {
			isa = XCConfigurationList;
			buildConfigurations = (
				059AE8DA1B37360900D5C16A /* Debug */,
				059AE8DB1B37360900D5C16A /* Release */,
			);
			defaultConfigurationIsVisible = 0;
			defaultConfigurationName = Release;
		};
		059AE8DC1B37360900D5C16A /* Build configuration list for PBXNativeTarget "Studium" */ = {
			isa = XCConfigurationList;
			buildConfigurations = (
				059AE8DD1B37360900D5C16A /* Debug */,
				059AE8DE1B37360900D5C16A /* Release */,
			);
			defaultConfigurationIsVisible = 0;
			defaultConfigurationName = Release;
		};
		059AE8DF1B37360900D5C16A /* Build configuration list for PBXNativeTarget "StudiumTests" */ = {
			isa = XCConfigurationList;
			buildConfigurations = (
				059AE8E01B37360900D5C16A /* Debug */,
				059AE8E11B37360900D5C16A /* Release */,
			);
			defaultConfigurationIsVisible = 0;
			defaultConfigurationName = Release;
		};
/* End XCConfigurationList section */
	};
	rootObject = 059AE8BD1B37360900D5C16A /* Project object */;
}
